
Microsoft Visual Studio Solution File, Format Version 12.00
# Visual Studio Version 16
VisualStudioVersion = 16.0.30523.141
MinimumVisualStudioVersion = 10.0.40219.1
Project("{FAE04EC0-301F-11D3-BF4B-00C04F79EFBC}") = "DVL_TBC.PersonsApi", "DVL_TBC.PersonsApi\DVL_TBC.PersonsApi.csproj", "{116598DA-0CCD-4B42-9A73-5E92491D2B3C}"
EndProject
Project("{FAE04EC0-301F-11D3-BF4B-00C04F79EFBC}") = "DVL_TBC.Domain", "DVL_TBC.Domain\DVL_TBC.Domain.csproj", "{97A21023-BAB0-426D-B16F-50FB31457216}"
EndProject
Global
	GlobalSection(SolutionConfigurationPlatforms) = preSolution
		Debug|Any CPU = Debug|Any CPU
		Release|Any CPU = Release|Any CPU
	EndGlobalSection
	GlobalSection(ProjectConfigurationPlatforms) = postSolution
		{116598DA-0CCD-4B42-9A73-5E92491D2B3C}.Debug|Any CPU.ActiveCfg = Debug|Any CPU
		{116598DA-0CCD-4B42-9A73-5E92491D2B3C}.Debug|Any CPU.Build.0 = Debug|Any CPU
		{116598DA-0CCD-4B42-9A73-5E92491D2B3C}.Release|Any CPU.ActiveCfg = Release|Any CPU
		{116598DA-0CCD-4B42-9A73-5E92491D2B3C}.Release|Any CPU.Build.0 = Release|Any CPU
		{97A21023-BAB0-426D-B16F-50FB31457216}.Debug|Any CPU.ActiveCfg = Debug|Any CPU
		{97A21023-BAB0-426D-B16F-50FB31457216}.Debug|Any CPU.Build.0 = Debug|Any CPU
		{97A21023-BAB0-426D-B16F-50FB31457216}.Release|Any CPU.ActiveCfg = Release|Any CPU
		{97A21023-BAB0-426D-B16F-50FB31457216}.Release|Any CPU.Build.0 = Release|Any CPU
	EndGlobalSection
	GlobalSection(SolutionProperties) = preSolution
		HideSolutionNode = FALSE
	EndGlobalSection
	GlobalSection(ExtensibilityGlobals) = postSolution
		SolutionGuid = {EC1D6CF2-F0A2-4739-A1A9-B67037073CEA}
	EndGlobalSection
EndGlobal
